// !$*UTF8*$!
{
	archiveVersion = 1;
	classes = {
	};
	objectVersion = 50;
	objects = {

/* Begin PBXBuildFile section */
		4006979A24C8C888008AFEFB /* AppDelegate.swift in Sources */ = {isa = PBXBuildFile; fileRef = 4006979924C8C888008AFEFB /* AppDelegate.swift */; };
		4006979C24C8C888008AFEFB /* SceneDelegate.swift in Sources */ = {isa = PBXBuildFile; fileRef = 4006979B24C8C888008AFEFB /* SceneDelegate.swift */; };
		4006979E24C8C888008AFEFB /* ViewController.swift in Sources */ = {isa = PBXBuildFile; fileRef = 4006979D24C8C888008AFEFB /* ViewController.swift */; };
		400697A124C8C888008AFEFB /* Main.storyboard in Resources */ = {isa = PBXBuildFile; fileRef = 4006979F24C8C888008AFEFB /* Main.storyboard */; };
		400697A324C8C888008AFEFB /* Assets.xcassets in Resources */ = {isa = PBXBuildFile; fileRef = 400697A224C8C888008AFEFB /* Assets.xcassets */; };
		400697A624C8C888008AFEFB /* LaunchScreen.storyboard in Resources */ = {isa = PBXBuildFile; fileRef = 400697A424C8C888008AFEFB /* LaunchScreen.storyboard */; };
		400697AE24C8D6D5008AFEFB /* QuizModel.swift in Sources */ = {isa = PBXBuildFile; fileRef = 400697AD24C8D6D5008AFEFB /* QuizModel.swift */; };
/* End PBXBuildFile section */

/* Begin PBXFileReference section */
		4006979624C8C888008AFEFB /* MathQuiz.app */ = {isa = PBXFileReference; explicitFileType = wrapper.application; includeInIndex = 0; path = MathQuiz.app; sourceTree = BUILT_PRODUCTS_DIR; };
		4006979924C8C888008AFEFB /* AppDelegate.swift */ = {isa = PBXFileReference; lastKnownFileType = sourcecode.swift; path = AppDelegate.swift; sourceTree = "<group>"; };
		4006979B24C8C888008AFEFB /* SceneDelegate.swift */ = {isa = PBXFileReference; lastKnownFileType = sourcecode.swift; path = SceneDelegate.swift; sourceTree = "<group>"; };
		4006979D24C8C888008AFEFB /* ViewController.swift */ = {isa = PBXFileReference; lastKnownFileType = sourcecode.swift; path = ViewController.swift; sourceTree = "<group>"; };
		400697A024C8C888008AFEFB /* Base */ = {isa = PBXFileReference; lastKnownFileType = file.storyboard; name = Base; path = Base.lproj/Main.storyboard; sourceTree = "<group>"; };
		400697A224C8C888008AFEFB /* Assets.xcassets */ = {isa = PBXFileReference; lastKnownFileType = folder.assetcatalog; path = Assets.xcassets; sourceTree = "<group>"; };
		400697A524C8C888008AFEFB /* Base */ = {isa = PBXFileReference; lastKnownFileType = file.storyboard; name = Base; path = Base.lproj/LaunchScreen.storyboard; sourceTree = "<group>"; };
		400697A724C8C888008AFEFB /* Info.plist */ = {isa = PBXFileReference; lastKnownFileType = text.plist.xml; path = Info.plist; sourceTree = "<group>"; };
		400697AD24C8D6D5008AFEFB /* QuizModel.swift */ = {isa = PBXFileReference; lastKnownFileType = sourcecode.swift; path = QuizModel.swift; sourceTree = "<group>"; };
/* End PBXFileReference section */

/* Begin PBXFrameworksBuildPhase section */
		4006979324C8C888008AFEFB /* Frameworks */ = {
			isa = PBXFrameworksBuildPhase;
			buildActionMask = 2147483647;
			files = (
			);
			runOnlyForDeploymentPostprocessing = 0;
		};
/* End PBXFrameworksBuildPhase section */

/* Begin PBXGroup section */
		4006978D24C8C888008AFEFB = {
			isa = PBXGroup;
			children = (
				4006979824C8C888008AFEFB /* MathQuiz */,
				4006979724C8C888008AFEFB /* Products */,
			);
			sourceTree = "<group>";
		};
		4006979724C8C888008AFEFB /* Products */ = {
			isa = PBXGroup;
			children = (
				4006979624C8C888008AFEFB /* MathQuiz.app */,
			);
			name = Products;
			sourceTree = "<group>";
		};
		4006979824C8C888008AFEFB /* MathQuiz */ = {
			isa = PBXGroup;
			children = (
				4006979924C8C888008AFEFB /* AppDelegate.swift */,
				4006979B24C8C888008AFEFB /* SceneDelegate.swift */,
				4006979D24C8C888008AFEFB /* ViewController.swift */,
				4006979F24C8C888008AFEFB /* Main.storyboard */,
				400697A224C8C888008AFEFB /* Assets.xcassets */,
				400697A424C8C888008AFEFB /* LaunchScreen.storyboard */,
				400697A724C8C888008AFEFB /* Info.plist */,
				400697AD24C8D6D5008AFEFB /* QuizModel.swift */,
			);
			path = MathQuiz;
			sourceTree = "<group>";
		};
/* End PBXGroup section */

/* Begin PBXNativeTarget section */
		4006979524C8C888008AFEFB /* MathQuiz */ = {
			isa = PBXNativeTarget;
			buildConfigurationList = 400697AA24C8C888008AFEFB /* Build configuration list for PBXNativeTarget "MathQuiz" */;
			buildPhases = (
				4006979224C8C888008AFEFB /* Sources */,
				4006979324C8C888008AFEFB /* Frameworks */,
				4006979424C8C888008AFEFB /* Resources */,
			);
			buildRules = (
			);
			dependencies = (
			);
			name = MathQuiz;
			productName = MathQuiz;
			productReference = 4006979624C8C888008AFEFB /* MathQuiz.app */;
			productType = "com.apple.product-type.application";
		};
/* End PBXNativeTarget section */

/* Begin PBXProject section */
		4006978E24C8C888008AFEFB /* Project object */ = {
			isa = PBXProject;
			attributes = {
				LastSwiftUpdateCheck = 1150;
				LastUpgradeCheck = 1150;
				ORGANIZATIONNAME = "AP Organization";
				TargetAttributes = {
					4006979524C8C888008AFEFB = {
						CreatedOnToolsVersion = 11.5;
					};
				};
			};
			buildConfigurationList = 4006979124C8C888008AFEFB /* Build configuration list for PBXProject "MathQuiz" */;
			compatibilityVersion = "Xcode 9.3";
			developmentRegion = en;
			hasScannedForEncodings = 0;
			knownRegions = (
				en,
				Base,
			);
			mainGroup = 4006978D24C8C888008AFEFB;
			productRefGroup = 4006979724C8C888008AFEFB /* Products */;
			projectDirPath = "";
			projectRoot = "";
			targets = (
				4006979524C8C888008AFEFB /* MathQuiz */,
			);
		};
/* End PBXProject section */

/* Begin PBXResourcesBuildPhase section */
		4006979424C8C888008AFEFB /* Resources */ = {
			isa = PBXResourcesBuildPhase;
			buildActionMask = 2147483647;
			files = (
				400697A624C8C888008AFEFB /* LaunchScreen.storyboard in Resources */,
				400697A324C8C888008AFEFB /* Assets.xcassets in Resources */,
				400697A124C8C888008AFEFB /* Main.storyboard in Resources */,
			);
			runOnlyForDeploymentPostprocessing = 0;
		};
/* End PBXResourcesBuildPhase section */

/* Begin PBXSourcesBuildPhase section */
		4006979224C8C888008AFEFB /* Sources */ = {
			isa = PBXSourcesBuildPhase;
			buildActionMask = 2147483647;
			files = (
				400697AE24C8D6D5008AFEFB /* QuizModel.swift in Sources */,
				4006979E24C8C888008AFEFB /* ViewController.swift in Sources */,
				4006979A24C8C888008AFEFB /* AppDelegate.swift in Sources */,
				4006979C24C8C888008AFEFB /* SceneDelegate.swift in Sources */,
			);
			runOnlyForDeploymentPostprocessing = 0;
		};
/* End PBXSourcesBuildPhase section */

/* Begin PBXVariantGroup section */
		4006979F24C8C888008AFEFB /* Main.storyboard */ = {
			isa = PBXVariantGroup;
			children = (
				400697A024C8C888008AFEFB /* Base */,
			);
			name = Main.storyboard;
			sourceTree = "<group>";
		};
		400697A424C8C888008AFEFB /* LaunchScreen.storyboard */ = {
			isa = PBXVariantGroup;
			children = (
				400697A524C8C888008AFEFB /* Base */,
			);
			name = LaunchScreen.storyboard;
			sourceTree = "<group>";
		};
/* End PBXVariantGroup section */

/* Begin XCBuildConfiguration section */
		400697A824C8C888008AFEFB /* Debug */ = {
			isa = XCBuildConfiguration;
			buildSettings = {
				ALWAYS_SEARCH_USER_PATHS = NO;
				CLANG_ANALYZER_NONNULL = YES;
				CLANG_ANALYZER_NUMBER_OBJECT_CONVERSION = YES_AGGRESSIVE;
				CLANG_CXX_LANGUAGE_STANDARD = "gnu++14";
				CLANG_CXX_LIBRARY = "libc++";
				CLANG_ENABLE_MODULES = YES;
				CLANG_ENABLE_OBJC_ARC = YES;
				CLANG_ENABLE_OBJC_WEAK = YES;
				CLANG_WARN_BLOCK_CAPTURE_AUTORELEASING = YES;
				CLANG_WARN_BOOL_CONVERSION = YES;
				CLANG_WARN_COMMA = YES;
				CLANG_WARN_CONSTANT_CONVERSION = YES;
				CLANG_WARN_DEPRECATED_OBJC_IMPLEMENTATIONS = YES;
				CLANG_WARN_DIRECT_OBJC_ISA_USAGE = YES_ERROR;
				CLANG_WARN_DOCUMENTATION_COMMENTS = YES;
				CLANG_WARN_EMPTY_BODY = YES;
				CLANG_WARN_ENUM_CONVERSION = YES;
				CLANG_WARN_INFINITE_RECURSION = YES;
				CLANG_WARN_INT_CONVERSION = YES;
				CLANG_WARN_NON_LITERAL_NULL_CONVERSION = YES;
				CLANG_WARN_OBJC_IMPLICIT_RETAIN_SELF = YES;
				CLANG_WARN_OBJC_LITERAL_CONVERSION = YES;
				CLANG_WARN_OBJC_ROOT_CLASS = YES_ERROR;
				CLANG_WARN_RANGE_LOOP_ANALYSIS = YES;
				CLANG_WARN_STRICT_PROTOTYPES = YES;
				CLANG_WARN_SUSPICIOUS_MOVE = YES;
				CLANG_WARN_UNGUARDED_AVAILABILITY = YES_AGGRESSIVE;
				CLANG_WARN_UNREACHABLE_CODE = YES;
				CLANG_WARN__DUPLICATE_METHOD_MATCH = YES;
				COPY_PHASE_STRIP = NO;
				DEBUG_INFORMATION_FORMAT = dwarf;
				ENABLE_STRICT_OBJC_MSGSEND = YES;
				ENABLE_TESTABILITY = YES;
				GCC_C_LANGUAGE_STANDARD = gnu11;
				GCC_DYNAMIC_NO_PIC = NO;
				GCC_NO_COMMON_BLOCKS = YES;
				GCC_OPTIMIZATION_LEVEL = 0;
				GCC_PREPROCESSOR_DEFINITIONS = (
					"DEBUG=1",
					"$(inherited)",
				);
				GCC_WARN_64_TO_32_BIT_CONVERSION = YES;
				GCC_WARN_ABOUT_RETURN_TYPE = YES_ERROR;
				GCC_WARN_UNDECLARED_SELECTOR = YES;
				GCC_WARN_UNINITIALIZED_AUTOS = YES_AGGRESSIVE;
				GCC_WARN_UNUSED_FUNCTION = YES;
				GCC_WARN_UNUSED_VARIABLE = YES;
				IPHONEOS_DEPLOYMENT_TARGET = 13.5;
				MTL_ENABLE_DEBUG_INFO = INCLUDE_SOURCE;
				MTL_FAST_MATH = YES;
				ONLY_ACTIVE_ARCH = YES;
				SDKROOT = iphoneos;
				SWIFT_ACTIVE_COMPILATION_CONDITIONS = DEBUG;
				SWIFT_OPTIMIZATION_LEVEL = "-Onone";
			};
			name = Debug;
		};
		400697A924C8C888008AFEFB /* Release */ = {
			isa = XCBuildConfiguration;
			buildSettings = {
				ALWAYS_SEARCH_USER_PATHS = NO;
				CLANG_ANALYZER_NONNULL = YES;
				CLANG_ANALYZER_NUMBER_OBJECT_CONVERSION = YES_AGGRESSIVE;
				CLANG_CXX_LANGUAGE_STANDARD = "gnu++14";
				CLANG_CXX_LIBRARY = "libc++";
				CLANG_ENABLE_MODULES = YES;
				CLANG_ENABLE_OBJC_ARC = YES;
				CLANG_ENABLE_OBJC_WEAK = YES;
				CLANG_WARN_BLOCK_CAPTURE_AUTORELEASING = YES;
				CLANG_WARN_BOOL_CONVERSION = YES;
				CLANG_WARN_COMMA = YES;
				CLANG_WARN_CONSTANT_CONVERSION = YES;
				CLANG_WARN_DEPRECATED_OBJC_IMPLEMENTATIONS = YES;
				CLANG_WARN_DIRECT_OBJC_ISA_USAGE = YES_ERROR;
				CLANG_WARN_DOCUMENTATION_COMMENTS = YES;
				CLANG_WARN_EMPTY_BODY = YES;
				CLANG_WARN_ENUM_CONVERSION = YES;
				CLANG_WARN_INFINITE_RECURSION = YES;
				CLANG_WARN_INT_CONVERSION = YES;
				CLANG_WARN_NON_LITERAL_NULL_CONVERSION = YES;
				CLANG_WARN_OBJC_IMPLICIT_RETAIN_SELF = YES;
				CLANG_WARN_OBJC_LITERAL_CONVERSION = YES;
				CLANG_WARN_OBJC_ROOT_CLASS = YES_ERROR;
				CLANG_WARN_RANGE_LOOP_ANALYSIS = YES;
				CLANG_WARN_STRICT_PROTOTYPES = YES;
				CLANG_WARN_SUSPICIOUS_MOVE = YES;
				CLANG_WARN_UNGUARDED_AVAILABILITY = YES_AGGRESSIVE;
				CLANG_WARN_UNREACHABLE_CODE = YES;
				CLANG_WARN__DUPLICATE_METHOD_MATCH = YES;
				COPY_PHASE_STRIP = NO;
				DEBUG_INFORMATION_FORMAT = "dwarf-with-dsym";
				ENABLE_NS_ASSERTIONS = NO;
				ENABLE_STRICT_OBJC_MSGSEND = YES;
				GCC_C_LANGUAGE_STANDARD = gnu11;
				GCC_NO_COMMON_BLOCKS = YES;
				GCC_WARN_64_TO_32_BIT_CONVERSION = YES;
				GCC_WARN_ABOUT_RETURN_TYPE = YES_ERROR;
				GCC_WARN_UNDECLARED_SELECTOR = YES;
				GCC_WARN_UNINITIALIZED_AUTOS = YES_AGGRESSIVE;
				GCC_WARN_UNUSED_FUNCTION = YES;
				GCC_WARN_UNUSED_VARIABLE = YES;
				IPHONEOS_DEPLOYMENT_TARGET = 13.5;
				MTL_ENABLE_DEBUG_INFO = NO;
				MTL_FAST_MATH = YES;
				SDKROOT = iphoneos;
				SWIFT_COMPILATION_MODE = wholemodule;
				SWIFT_OPTIMIZATION_LEVEL = "-O";
				VALIDATE_PRODUCT = YES;
			};
			name = Release;
		};
		400697AB24C8C888008AFEFB /* Debug */ = {
			isa = XCBuildConfiguration;
			buildSettings = {
				ASSETCATALOG_COMPILER_APPICON_NAME = AppIcon;
				CODE_SIGN_STYLE = Automatic;
				DEVELOPMENT_TEAM = ZSG4ASSS96;
				INFOPLIST_FILE = MathQuiz/Info.plist;
				LD_RUNPATH_SEARCH_PATHS = (
					"$(inherited)",
					"@executable_path/Frameworks",
				);
				PRODUCT_BUNDLE_IDENTIFIER = AP.MathQuiz;
				PRODUCT_NAME = "$(TARGET_NAME)";
				SWIFT_VERSION = 5.0;
				TARGETED_DEVICE_FAMILY = "1,2";
			};
			name = Debug;
		};
		400697AC24C8C888008AFEFB /* Release */ = {
			isa = XCBuildConfiguration;
			buildSettings = {
				ASSETCATALOG_COMPILER_APPICON_NAME = AppIcon;
				CODE_SIGN_STYLE = Automatic;
				DEVELOPMENT_TEAM = ZSG4ASSS96;
				INFOPLIST_FILE = MathQuiz/Info.plist;
				LD_RUNPATH_SEARCH_PATHS = (
					"$(inherited)",
					"@executable_path/Frameworks",
				);
				PRODUCT_BUNDLE_IDENTIFIER = AP.MathQuiz;
				PRODUCT_NAME = "$(TARGET_NAME)";
				SWIFT_VERSION = 5.0;
				TARGETED_DEVICE_FAMILY = "1,2";
			};
			name = Release;
		};
/* End XCBuildConfiguration section */

/* Begin XCConfigurationList section */
		4006979124C8C888008AFEFB /* Build configuration list for PBXProject "MathQuiz" */ = {
			isa = XCConfigurationList;
			buildConfigurations = (
				400697A824C8C888008AFEFB /* Debug */,
				400697A924C8C888008AFEFB /* Release */,
			);
			defaultConfigurationIsVisible = 0;
			defaultConfigurationName = Release;
		};
		400697AA24C8C888008AFEFB /* Build configuration list for PBXNativeTarget "MathQuiz" */ = {
			isa = XCConfigurationList;
			buildConfigurations = (
				400697AB24C8C888008AFEFB /* Debug */,
				400697AC24C8C888008AFEFB /* Release */,
			);
			defaultConfigurationIsVisible = 0;
			defaultConfigurationName = Release;
		};
/* End XCConfigurationList section */
	};
	rootObject = 4006978E24C8C888008AFEFB /* Project object */;
}
