// !$*UTF8*$!
{
	archiveVersion = 1;
	classes = {
	};
	objectVersion = 50;
	objects = {

/* Begin PBXBuildFile section */
		4008EA9A24C4E2F700B87D4D /* AppDelegate.swift in Sources */ = {isa = PBXBuildFile; fileRef = 4008EA9924C4E2F700B87D4D /* AppDelegate.swift */; };
		4008EA9C24C4E2F700B87D4D /* SceneDelegate.swift in Sources */ = {isa = PBXBuildFile; fileRef = 4008EA9B24C4E2F700B87D4D /* SceneDelegate.swift */; };
		4008EA9E24C4E2F700B87D4D /* ViewController.swift in Sources */ = {isa = PBXBuildFile; fileRef = 4008EA9D24C4E2F700B87D4D /* ViewController.swift */; };
		4008EAA124C4E2F700B87D4D /* Main.storyboard in Resources */ = {isa = PBXBuildFile; fileRef = 4008EA9F24C4E2F700B87D4D /* Main.storyboard */; };
		4008EAA324C4E2F900B87D4D /* Assets.xcassets in Resources */ = {isa = PBXBuildFile; fileRef = 4008EAA224C4E2F900B87D4D /* Assets.xcassets */; };
		4008EAA624C4E2F900B87D4D /* LaunchScreen.storyboard in Resources */ = {isa = PBXBuildFile; fileRef = 4008EAA424C4E2F900B87D4D /* LaunchScreen.storyboard */; };
		4008EAB124C4E2F900B87D4D /* Calculator1Tests.swift in Sources */ = {isa = PBXBuildFile; fileRef = 4008EAB024C4E2F900B87D4D /* Calculator1Tests.swift */; };
		4008EABC24C4E2F900B87D4D /* Calculator1UITests.swift in Sources */ = {isa = PBXBuildFile; fileRef = 4008EABB24C4E2F900B87D4D /* Calculator1UITests.swift */; };
/* End PBXBuildFile section */

/* Begin PBXContainerItemProxy section */
		4008EAAD24C4E2F900B87D4D /* PBXContainerItemProxy */ = {
			isa = PBXContainerItemProxy;
			containerPortal = 4008EA8E24C4E2F700B87D4D /* Project object */;
			proxyType = 1;
			remoteGlobalIDString = 4008EA9524C4E2F700B87D4D;
			remoteInfo = Calculator1;
		};
		4008EAB824C4E2F900B87D4D /* PBXContainerItemProxy */ = {
			isa = PBXContainerItemProxy;
			containerPortal = 4008EA8E24C4E2F700B87D4D /* Project object */;
			proxyType = 1;
			remoteGlobalIDString = 4008EA9524C4E2F700B87D4D;
			remoteInfo = Calculator1;
		};
/* End PBXContainerItemProxy section */

/* Begin PBXFileReference section */
		4008EA9624C4E2F700B87D4D /* Calculator1.app */ = {isa = PBXFileReference; explicitFileType = wrapper.application; includeInIndex = 0; path = Calculator1.app; sourceTree = BUILT_PRODUCTS_DIR; };
		4008EA9924C4E2F700B87D4D /* AppDelegate.swift */ = {isa = PBXFileReference; lastKnownFileType = sourcecode.swift; path = AppDelegate.swift; sourceTree = "<group>"; };
		4008EA9B24C4E2F700B87D4D /* SceneDelegate.swift */ = {isa = PBXFileReference; lastKnownFileType = sourcecode.swift; path = SceneDelegate.swift; sourceTree = "<group>"; };
		4008EA9D24C4E2F700B87D4D /* ViewController.swift */ = {isa = PBXFileReference; lastKnownFileType = sourcecode.swift; path = ViewController.swift; sourceTree = "<group>"; };
		4008EAA024C4E2F700B87D4D /* Base */ = {isa = PBXFileReference; lastKnownFileType = file.storyboard; name = Base; path = Base.lproj/Main.storyboard; sourceTree = "<group>"; };
		4008EAA224C4E2F900B87D4D /* Assets.xcassets */ = {isa = PBXFileReference; lastKnownFileType = folder.assetcatalog; path = Assets.xcassets; sourceTree = "<group>"; };
		4008EAA524C4E2F900B87D4D /* Base */ = {isa = PBXFileReference; lastKnownFileType = file.storyboard; name = Base; path = Base.lproj/LaunchScreen.storyboard; sourceTree = "<group>"; };
		4008EAA724C4E2F900B87D4D /* Info.plist */ = {isa = PBXFileReference; lastKnownFileType = text.plist.xml; path = Info.plist; sourceTree = "<group>"; };
		4008EAAC24C4E2F900B87D4D /* Calculator1Tests.xctest */ = {isa = PBXFileReference; explicitFileType = wrapper.cfbundle; includeInIndex = 0; path = Calculator1Tests.xctest; sourceTree = BUILT_PRODUCTS_DIR; };
		4008EAB024C4E2F900B87D4D /* Calculator1Tests.swift */ = {isa = PBXFileReference; lastKnownFileType = sourcecode.swift; path = Calculator1Tests.swift; sourceTree = "<group>"; };
		4008EAB224C4E2F900B87D4D /* Info.plist */ = {isa = PBXFileReference; lastKnownFileType = text.plist.xml; path = Info.plist; sourceTree = "<group>"; };
		4008EAB724C4E2F900B87D4D /* Calculator1UITests.xctest */ = {isa = PBXFileReference; explicitFileType = wrapper.cfbundle; includeInIndex = 0; path = Calculator1UITests.xctest; sourceTree = BUILT_PRODUCTS_DIR; };
		4008EABB24C4E2F900B87D4D /* Calculator1UITests.swift */ = {isa = PBXFileReference; lastKnownFileType = sourcecode.swift; path = Calculator1UITests.swift; sourceTree = "<group>"; };
		4008EABD24C4E2F900B87D4D /* Info.plist */ = {isa = PBXFileReference; lastKnownFileType = text.plist.xml; path = Info.plist; sourceTree = "<group>"; };
/* End PBXFileReference section */

/* Begin PBXFrameworksBuildPhase section */
		4008EA9324C4E2F700B87D4D /* Frameworks */ = {
			isa = PBXFrameworksBuildPhase;
			buildActionMask = 2147483647;
			files = (
			);
			runOnlyForDeploymentPostprocessing = 0;
		};
		4008EAA924C4E2F900B87D4D /* Frameworks */ = {
			isa = PBXFrameworksBuildPhase;
			buildActionMask = 2147483647;
			files = (
			);
			runOnlyForDeploymentPostprocessing = 0;
		};
		4008EAB424C4E2F900B87D4D /* Frameworks */ = {
			isa = PBXFrameworksBuildPhase;
			buildActionMask = 2147483647;
			files = (
			);
			runOnlyForDeploymentPostprocessing = 0;
		};
/* End PBXFrameworksBuildPhase section */

/* Begin PBXGroup section */
		4008EA8D24C4E2F700B87D4D = {
			isa = PBXGroup;
			children = (
				4008EA9824C4E2F700B87D4D /* Calculator1 */,
				4008EAAF24C4E2F900B87D4D /* Calculator1Tests */,
				4008EABA24C4E2F900B87D4D /* Calculator1UITests */,
				4008EA9724C4E2F700B87D4D /* Products */,
			);
			sourceTree = "<group>";
		};
		4008EA9724C4E2F700B87D4D /* Products */ = {
			isa = PBXGroup;
			children = (
				4008EA9624C4E2F700B87D4D /* Calculator1.app */,
				4008EAAC24C4E2F900B87D4D /* Calculator1Tests.xctest */,
				4008EAB724C4E2F900B87D4D /* Calculator1UITests.xctest */,
			);
			name = Products;
			sourceTree = "<group>";
		};
		4008EA9824C4E2F700B87D4D /* Calculator1 */ = {
			isa = PBXGroup;
			children = (
				4008EA9924C4E2F700B87D4D /* AppDelegate.swift */,
				4008EA9B24C4E2F700B87D4D /* SceneDelegate.swift */,
				4008EA9D24C4E2F700B87D4D /* ViewController.swift */,
				4008EA9F24C4E2F700B87D4D /* Main.storyboard */,
				4008EAA224C4E2F900B87D4D /* Assets.xcassets */,
				4008EAA424C4E2F900B87D4D /* LaunchScreen.storyboard */,
				4008EAA724C4E2F900B87D4D /* Info.plist */,
			);
			path = Calculator1;
			sourceTree = "<group>";
		};
		4008EAAF24C4E2F900B87D4D /* Calculator1Tests */ = {
			isa = PBXGroup;
			children = (
				4008EAB024C4E2F900B87D4D /* Calculator1Tests.swift */,
				4008EAB224C4E2F900B87D4D /* Info.plist */,
			);
			path = Calculator1Tests;
			sourceTree = "<group>";
		};
		4008EABA24C4E2F900B87D4D /* Calculator1UITests */ = {
			isa = PBXGroup;
			children = (
				4008EABB24C4E2F900B87D4D /* Calculator1UITests.swift */,
				4008EABD24C4E2F900B87D4D /* Info.plist */,
			);
			path = Calculator1UITests;
			sourceTree = "<group>";
		};
/* End PBXGroup section */

/* Begin PBXNativeTarget section */
		4008EA9524C4E2F700B87D4D /* Calculator1 */ = {
			isa = PBXNativeTarget;
			buildConfigurationList = 4008EAC024C4E2F900B87D4D /* Build configuration list for PBXNativeTarget "Calculator1" */;
			buildPhases = (
				4008EA9224C4E2F700B87D4D /* Sources */,
				4008EA9324C4E2F700B87D4D /* Frameworks */,
				4008EA9424C4E2F700B87D4D /* Resources */,
			);
			buildRules = (
			);
			dependencies = (
			);
			name = Calculator1;
			productName = Calculator1;
			productReference = 4008EA9624C4E2F700B87D4D /* Calculator1.app */;
			productType = "com.apple.product-type.application";
		};
		4008EAAB24C4E2F900B87D4D /* Calculator1Tests */ = {
			isa = PBXNativeTarget;
			buildConfigurationList = 4008EAC324C4E2F900B87D4D /* Build configuration list for PBXNativeTarget "Calculator1Tests" */;
			buildPhases = (
				4008EAA824C4E2F900B87D4D /* Sources */,
				4008EAA924C4E2F900B87D4D /* Frameworks */,
				4008EAAA24C4E2F900B87D4D /* Resources */,
			);
			buildRules = (
			);
			dependencies = (
				4008EAAE24C4E2F900B87D4D /* PBXTargetDependency */,
			);
			name = Calculator1Tests;
			productName = Calculator1Tests;
			productReference = 4008EAAC24C4E2F900B87D4D /* Calculator1Tests.xctest */;
			productType = "com.apple.product-type.bundle.unit-test";
		};
		4008EAB624C4E2F900B87D4D /* Calculator1UITests */ = {
			isa = PBXNativeTarget;
			buildConfigurationList = 4008EAC624C4E2F900B87D4D /* Build configuration list for PBXNativeTarget "Calculator1UITests" */;
			buildPhases = (
				4008EAB324C4E2F900B87D4D /* Sources */,
				4008EAB424C4E2F900B87D4D /* Frameworks */,
				4008EAB524C4E2F900B87D4D /* Resources */,
			);
			buildRules = (
			);
			dependencies = (
				4008EAB924C4E2F900B87D4D /* PBXTargetDependency */,
			);
			name = Calculator1UITests;
			productName = Calculator1UITests;
			productReference = 4008EAB724C4E2F900B87D4D /* Calculator1UITests.xctest */;
			productType = "com.apple.product-type.bundle.ui-testing";
		};
/* End PBXNativeTarget section */

/* Begin PBXProject section */
		4008EA8E24C4E2F700B87D4D /* Project object */ = {
			isa = PBXProject;
			attributes = {
				LastSwiftUpdateCheck = 1150;
				LastUpgradeCheck = 1150;
				ORGANIZATIONNAME = "AP Organization";
				TargetAttributes = {
					4008EA9524C4E2F700B87D4D = {
						CreatedOnToolsVersion = 11.5;
					};
					4008EAAB24C4E2F900B87D4D = {
						CreatedOnToolsVersion = 11.5;
						TestTargetID = 4008EA9524C4E2F700B87D4D;
					};
					4008EAB624C4E2F900B87D4D = {
						CreatedOnToolsVersion = 11.5;
						TestTargetID = 4008EA9524C4E2F700B87D4D;
					};
				};
			};
			buildConfigurationList = 4008EA9124C4E2F700B87D4D /* Build configuration list for PBXProject "Calculator1" */;
			compatibilityVersion = "Xcode 9.3";
			developmentRegion = en;
			hasScannedForEncodings = 0;
			knownRegions = (
				en,
				Base,
			);
			mainGroup = 4008EA8D24C4E2F700B87D4D;
			productRefGroup = 4008EA9724C4E2F700B87D4D /* Products */;
			projectDirPath = "";
			projectRoot = "";
			targets = (
				4008EA9524C4E2F700B87D4D /* Calculator1 */,
				4008EAAB24C4E2F900B87D4D /* Calculator1Tests */,
				4008EAB624C4E2F900B87D4D /* Calculator1UITests */,
			);
		};
/* End PBXProject section */

/* Begin PBXResourcesBuildPhase section */
		4008EA9424C4E2F700B87D4D /* Resources */ = {
			isa = PBXResourcesBuildPhase;
			buildActionMask = 2147483647;
			files = (
				4008EAA624C4E2F900B87D4D /* LaunchScreen.storyboard in Resources */,
				4008EAA324C4E2F900B87D4D /* Assets.xcassets in Resources */,
				4008EAA124C4E2F700B87D4D /* Main.storyboard in Resources */,
			);
			runOnlyForDeploymentPostprocessing = 0;
		};
		4008EAAA24C4E2F900B87D4D /* Resources */ = {
			isa = PBXResourcesBuildPhase;
			buildActionMask = 2147483647;
			files = (
			);
			runOnlyForDeploymentPostprocessing = 0;
		};
		4008EAB524C4E2F900B87D4D /* Resources */ = {
			isa = PBXResourcesBuildPhase;
			buildActionMask = 2147483647;
			files = (
			);
			runOnlyForDeploymentPostprocessing = 0;
		};
/* End PBXResourcesBuildPhase section */

/* Begin PBXSourcesBuildPhase section */
		4008EA9224C4E2F700B87D4D /* Sources */ = {
			isa = PBXSourcesBuildPhase;
			buildActionMask = 2147483647;
			files = (
				4008EA9E24C4E2F700B87D4D /* ViewController.swift in Sources */,
				4008EA9A24C4E2F700B87D4D /* AppDelegate.swift in Sources */,
				4008EA9C24C4E2F700B87D4D /* SceneDelegate.swift in Sources */,
			);
			runOnlyForDeploymentPostprocessing = 0;
		};
		4008EAA824C4E2F900B87D4D /* Sources */ = {
			isa = PBXSourcesBuildPhase;
			buildActionMask = 2147483647;
			files = (
				4008EAB124C4E2F900B87D4D /* Calculator1Tests.swift in Sources */,
			);
			runOnlyForDeploymentPostprocessing = 0;
		};
		4008EAB324C4E2F900B87D4D /* Sources */ = {
			isa = PBXSourcesBuildPhase;
			buildActionMask = 2147483647;
			files = (
				4008EABC24C4E2F900B87D4D /* Calculator1UITests.swift in Sources */,
			);
			runOnlyForDeploymentPostprocessing = 0;
		};
/* End PBXSourcesBuildPhase section */

/* Begin PBXTargetDependency section */
		4008EAAE24C4E2F900B87D4D /* PBXTargetDependency */ = {
			isa = PBXTargetDependency;
			target = 4008EA9524C4E2F700B87D4D /* Calculator1 */;
			targetProxy = 4008EAAD24C4E2F900B87D4D /* PBXContainerItemProxy */;
		};
		4008EAB924C4E2F900B87D4D /* PBXTargetDependency */ = {
			isa = PBXTargetDependency;
			target = 4008EA9524C4E2F700B87D4D /* Calculator1 */;
			targetProxy = 4008EAB824C4E2F900B87D4D /* PBXContainerItemProxy */;
		};
/* End PBXTargetDependency section */

/* Begin PBXVariantGroup section */
		4008EA9F24C4E2F700B87D4D /* Main.storyboard */ = {
			isa = PBXVariantGroup;
			children = (
				4008EAA024C4E2F700B87D4D /* Base */,
			);
			name = Main.storyboard;
			sourceTree = "<group>";
		};
		4008EAA424C4E2F900B87D4D /* LaunchScreen.storyboard */ = {
			isa = PBXVariantGroup;
			children = (
				4008EAA524C4E2F900B87D4D /* Base */,
			);
			name = LaunchScreen.storyboard;
			sourceTree = "<group>";
		};
/* End PBXVariantGroup section */

/* Begin XCBuildConfiguration section */
		4008EABE24C4E2F900B87D4D /* Debug */ = {
			isa = XCBuildConfiguration;
			buildSettings = {
				ALWAYS_SEARCH_USER_PATHS = NO;
				CLANG_ANALYZER_NONNULL = YES;
				CLANG_ANALYZER_NUMBER_OBJECT_CONVERSION = YES_AGGRESSIVE;
				CLANG_CXX_LANGUAGE_STANDARD = "gnu++14";
				CLANG_CXX_LIBRARY = "libc++";
				CLANG_ENABLE_MODULES = YES;
				CLANG_ENABLE_OBJC_ARC = YES;
				CLANG_ENABLE_OBJC_WEAK = YES;
				CLANG_WARN_BLOCK_CAPTURE_AUTORELEASING = YES;
				CLANG_WARN_BOOL_CONVERSION = YES;
				CLANG_WARN_COMMA = YES;
				CLANG_WARN_CONSTANT_CONVERSION = YES;
				CLANG_WARN_DEPRECATED_OBJC_IMPLEMENTATIONS = YES;
				CLANG_WARN_DIRECT_OBJC_ISA_USAGE = YES_ERROR;
				CLANG_WARN_DOCUMENTATION_COMMENTS = YES;
				CLANG_WARN_EMPTY_BODY = YES;
				CLANG_WARN_ENUM_CONVERSION = YES;
				CLANG_WARN_INFINITE_RECURSION = YES;
				CLANG_WARN_INT_CONVERSION = YES;
				CLANG_WARN_NON_LITERAL_NULL_CONVERSION = YES;
				CLANG_WARN_OBJC_IMPLICIT_RETAIN_SELF = YES;
				CLANG_WARN_OBJC_LITERAL_CONVERSION = YES;
				CLANG_WARN_OBJC_ROOT_CLASS = YES_ERROR;
				CLANG_WARN_RANGE_LOOP_ANALYSIS = YES;
				CLANG_WARN_STRICT_PROTOTYPES = YES;
				CLANG_WARN_SUSPICIOUS_MOVE = YES;
				CLANG_WARN_UNGUARDED_AVAILABILITY = YES_AGGRESSIVE;
				CLANG_WARN_UNREACHABLE_CODE = YES;
				CLANG_WARN__DUPLICATE_METHOD_MATCH = YES;
				COPY_PHASE_STRIP = NO;
				DEBUG_INFORMATION_FORMAT = dwarf;
				ENABLE_STRICT_OBJC_MSGSEND = YES;
				ENABLE_TESTABILITY = YES;
				GCC_C_LANGUAGE_STANDARD = gnu11;
				GCC_DYNAMIC_NO_PIC = NO;
				GCC_NO_COMMON_BLOCKS = YES;
				GCC_OPTIMIZATION_LEVEL = 0;
				GCC_PREPROCESSOR_DEFINITIONS = (
					"DEBUG=1",
					"$(inherited)",
				);
				GCC_WARN_64_TO_32_BIT_CONVERSION = YES;
				GCC_WARN_ABOUT_RETURN_TYPE = YES_ERROR;
				GCC_WARN_UNDECLARED_SELECTOR = YES;
				GCC_WARN_UNINITIALIZED_AUTOS = YES_AGGRESSIVE;
				GCC_WARN_UNUSED_FUNCTION = YES;
				GCC_WARN_UNUSED_VARIABLE = YES;
				IPHONEOS_DEPLOYMENT_TARGET = 13.5;
				MTL_ENABLE_DEBUG_INFO = INCLUDE_SOURCE;
				MTL_FAST_MATH = YES;
				ONLY_ACTIVE_ARCH = YES;
				SDKROOT = iphoneos;
				SWIFT_ACTIVE_COMPILATION_CONDITIONS = DEBUG;
				SWIFT_OPTIMIZATION_LEVEL = "-Onone";
			};
			name = Debug;
		};
		4008EABF24C4E2F900B87D4D /* Release */ = {
			isa = XCBuildConfiguration;
			buildSettings = {
				ALWAYS_SEARCH_USER_PATHS = NO;
				CLANG_ANALYZER_NONNULL = YES;
				CLANG_ANALYZER_NUMBER_OBJECT_CONVERSION = YES_AGGRESSIVE;
				CLANG_CXX_LANGUAGE_STANDARD = "gnu++14";
				CLANG_CXX_LIBRARY = "libc++";
				CLANG_ENABLE_MODULES = YES;
				CLANG_ENABLE_OBJC_ARC = YES;
				CLANG_ENABLE_OBJC_WEAK = YES;
				CLANG_WARN_BLOCK_CAPTURE_AUTORELEASING = YES;
				CLANG_WARN_BOOL_CONVERSION = YES;
				CLANG_WARN_COMMA = YES;
				CLANG_WARN_CONSTANT_CONVERSION = YES;
				CLANG_WARN_DEPRECATED_OBJC_IMPLEMENTATIONS = YES;
				CLANG_WARN_DIRECT_OBJC_ISA_USAGE = YES_ERROR;
				CLANG_WARN_DOCUMENTATION_COMMENTS = YES;
				CLANG_WARN_EMPTY_BODY = YES;
				CLANG_WARN_ENUM_CONVERSION = YES;
				CLANG_WARN_INFINITE_RECURSION = YES;
				CLANG_WARN_INT_CONVERSION = YES;
				CLANG_WARN_NON_LITERAL_NULL_CONVERSION = YES;
				CLANG_WARN_OBJC_IMPLICIT_RETAIN_SELF = YES;
				CLANG_WARN_OBJC_LITERAL_CONVERSION = YES;
				CLANG_WARN_OBJC_ROOT_CLASS = YES_ERROR;
				CLANG_WARN_RANGE_LOOP_ANALYSIS = YES;
				CLANG_WARN_STRICT_PROTOTYPES = YES;
				CLANG_WARN_SUSPICIOUS_MOVE = YES;
				CLANG_WARN_UNGUARDED_AVAILABILITY = YES_AGGRESSIVE;
				CLANG_WARN_UNREACHABLE_CODE = YES;
				CLANG_WARN__DUPLICATE_METHOD_MATCH = YES;
				COPY_PHASE_STRIP = NO;
				DEBUG_INFORMATION_FORMAT = "dwarf-with-dsym";
				ENABLE_NS_ASSERTIONS = NO;
				ENABLE_STRICT_OBJC_MSGSEND = YES;
				GCC_C_LANGUAGE_STANDARD = gnu11;
				GCC_NO_COMMON_BLOCKS = YES;
				GCC_WARN_64_TO_32_BIT_CONVERSION = YES;
				GCC_WARN_ABOUT_RETURN_TYPE = YES_ERROR;
				GCC_WARN_UNDECLARED_SELECTOR = YES;
				GCC_WARN_UNINITIALIZED_AUTOS = YES_AGGRESSIVE;
				GCC_WARN_UNUSED_FUNCTION = YES;
				GCC_WARN_UNUSED_VARIABLE = YES;
				IPHONEOS_DEPLOYMENT_TARGET = 13.5;
				MTL_ENABLE_DEBUG_INFO = NO;
				MTL_FAST_MATH = YES;
				SDKROOT = iphoneos;
				SWIFT_COMPILATION_MODE = wholemodule;
				SWIFT_OPTIMIZATION_LEVEL = "-O";
				VALIDATE_PRODUCT = YES;
			};
			name = Release;
		};
		4008EAC124C4E2F900B87D4D /* Debug */ = {
			isa = XCBuildConfiguration;
			buildSettings = {
				ASSETCATALOG_COMPILER_APPICON_NAME = AppIcon;
				CODE_SIGN_STYLE = Automatic;
				DEVELOPMENT_TEAM = ZSG4ASSS96;
				INFOPLIST_FILE = Calculator1/Info.plist;
				LD_RUNPATH_SEARCH_PATHS = (
					"$(inherited)",
					"@executable_path/Frameworks",
				);
				PRODUCT_BUNDLE_IDENTIFIER = AP.Calculator1;
				PRODUCT_NAME = "$(TARGET_NAME)";
				SWIFT_VERSION = 5.0;
				TARGETED_DEVICE_FAMILY = "1,2";
			};
			name = Debug;
		};
		4008EAC224C4E2F900B87D4D /* Release */ = {
			isa = XCBuildConfiguration;
			buildSettings = {
				ASSETCATALOG_COMPILER_APPICON_NAME = AppIcon;
				CODE_SIGN_STYLE = Automatic;
				DEVELOPMENT_TEAM = ZSG4ASSS96;
				INFOPLIST_FILE = Calculator1/Info.plist;
				LD_RUNPATH_SEARCH_PATHS = (
					"$(inherited)",
					"@executable_path/Frameworks",
				);
				PRODUCT_BUNDLE_IDENTIFIER = AP.Calculator1;
				PRODUCT_NAME = "$(TARGET_NAME)";
				SWIFT_VERSION = 5.0;
				TARGETED_DEVICE_FAMILY = "1,2";
			};
			name = Release;
		};
		4008EAC424C4E2F900B87D4D /* Debug */ = {
			isa = XCBuildConfiguration;
			buildSettings = {
				ALWAYS_EMBED_SWIFT_STANDARD_LIBRARIES = YES;
				BUNDLE_LOADER = "$(TEST_HOST)";
				CODE_SIGN_STYLE = Automatic;
				DEVELOPMENT_TEAM = ZSG4ASSS96;
				INFOPLIST_FILE = Calculator1Tests/Info.plist;
				IPHONEOS_DEPLOYMENT_TARGET = 13.5;
				LD_RUNPATH_SEARCH_PATHS = (
					"$(inherited)",
					"@executable_path/Frameworks",
					"@loader_path/Frameworks",
				);
				PRODUCT_BUNDLE_IDENTIFIER = AP.Calculator1Tests;
				PRODUCT_NAME = "$(TARGET_NAME)";
				SWIFT_VERSION = 5.0;
				TARGETED_DEVICE_FAMILY = "1,2";
				TEST_HOST = "$(BUILT_PRODUCTS_DIR)/Calculator1.app/Calculator1";
			};
			name = Debug;
		};
		4008EAC524C4E2F900B87D4D /* Release */ = {
			isa = XCBuildConfiguration;
			buildSettings = {
				ALWAYS_EMBED_SWIFT_STANDARD_LIBRARIES = YES;
				BUNDLE_LOADER = "$(TEST_HOST)";
				CODE_SIGN_STYLE = Automatic;
				DEVELOPMENT_TEAM = ZSG4ASSS96;
				INFOPLIST_FILE = Calculator1Tests/Info.plist;
				IPHONEOS_DEPLOYMENT_TARGET = 13.5;
				LD_RUNPATH_SEARCH_PATHS = (
					"$(inherited)",
					"@executable_path/Frameworks",
					"@loader_path/Frameworks",
				);
				PRODUCT_BUNDLE_IDENTIFIER = AP.Calculator1Tests;
				PRODUCT_NAME = "$(TARGET_NAME)";
				SWIFT_VERSION = 5.0;
				TARGETED_DEVICE_FAMILY = "1,2";
				TEST_HOST = "$(BUILT_PRODUCTS_DIR)/Calculator1.app/Calculator1";
			};
			name = Release;
		};
		4008EAC724C4E2F900B87D4D /* Debug */ = {
			isa = XCBuildConfiguration;
			buildSettings = {
				ALWAYS_EMBED_SWIFT_STANDARD_LIBRARIES = YES;
				CODE_SIGN_STYLE = Automatic;
				DEVELOPMENT_TEAM = ZSG4ASSS96;
				INFOPLIST_FILE = Calculator1UITests/Info.plist;
				LD_RUNPATH_SEARCH_PATHS = (
					"$(inherited)",
					"@executable_path/Frameworks",
					"@loader_path/Frameworks",
				);
				PRODUCT_BUNDLE_IDENTIFIER = AP.Calculator1UITests;
				PRODUCT_NAME = "$(TARGET_NAME)";
				SWIFT_VERSION = 5.0;
				TARGETED_DEVICE_FAMILY = "1,2";
				TEST_TARGET_NAME = Calculator1;
			};
			name = Debug;
		};
		4008EAC824C4E2F900B87D4D /* Release */ = {
			isa = XCBuildConfiguration;
			buildSettings = {
				ALWAYS_EMBED_SWIFT_STANDARD_LIBRARIES = YES;
				CODE_SIGN_STYLE = Automatic;
				DEVELOPMENT_TEAM = ZSG4ASSS96;
				INFOPLIST_FILE = Calculator1UITests/Info.plist;
				LD_RUNPATH_SEARCH_PATHS = (
					"$(inherited)",
					"@executable_path/Frameworks",
					"@loader_path/Frameworks",
				);
				PRODUCT_BUNDLE_IDENTIFIER = AP.Calculator1UITests;
				PRODUCT_NAME = "$(TARGET_NAME)";
				SWIFT_VERSION = 5.0;
				TARGETED_DEVICE_FAMILY = "1,2";
				TEST_TARGET_NAME = Calculator1;
			};
			name = Release;
		};
/* End XCBuildConfiguration section */

/* Begin XCConfigurationList section */
		4008EA9124C4E2F700B87D4D /* Build configuration list for PBXProject "Calculator1" */ = {
			isa = XCConfigurationList;
			buildConfigurations = (
				4008EABE24C4E2F900B87D4D /* Debug */,
				4008EABF24C4E2F900B87D4D /* Release */,
			);
			defaultConfigurationIsVisible = 0;
			defaultConfigurationName = Release;
		};
		4008EAC024C4E2F900B87D4D /* Build configuration list for PBXNativeTarget "Calculator1" */ = {
			isa = XCConfigurationList;
			buildConfigurations = (
				4008EAC124C4E2F900B87D4D /* Debug */,
				4008EAC224C4E2F900B87D4D /* Release */,
			);
			defaultConfigurationIsVisible = 0;
			defaultConfigurationName = Release;
		};
		4008EAC324C4E2F900B87D4D /* Build configuration list for PBXNativeTarget "Calculator1Tests" */ = {
			isa = XCConfigurationList;
			buildConfigurations = (
				4008EAC424C4E2F900B87D4D /* Debug */,
				4008EAC524C4E2F900B87D4D /* Release */,
			);
			defaultConfigurationIsVisible = 0;
			defaultConfigurationName = Release;
		};
		4008EAC624C4E2F900B87D4D /* Build configuration list for PBXNativeTarget "Calculator1UITests" */ = {
			isa = XCConfigurationList;
			buildConfigurations = (
				4008EAC724C4E2F900B87D4D /* Debug */,
				4008EAC824C4E2F900B87D4D /* Release */,
			);
			defaultConfigurationIsVisible = 0;
			defaultConfigurationName = Release;
		};
/* End XCConfigurationList section */
	};
	rootObject = 4008EA8E24C4E2F700B87D4D /* Project object */;
}
