// !$*UTF8*$!
{
	archiveVersion = 1;
	classes = {
	};
	objectVersion = 46;
	objects = {

/* Begin PBXBuildFile section */
		40249FF3251A876400D227A6 /* TableViewController.swift in Sources */ = {isa = PBXBuildFile; fileRef = 40249FF2251A876400D227A6 /* TableViewController.swift */; };
		7199735C85561D2DA9934891 /* Main.storyboard in Resources */ = {isa = PBXBuildFile; fileRef = 71997D8E29EFCEAD13CE1B75 /* Main.storyboard */; };
		7199795B18185E040EEDD845 /* LaunchScreen.storyboard in Resources */ = {isa = PBXBuildFile; fileRef = 71997E16B4674865F3762758 /* LaunchScreen.storyboard */; };
		71997A58DC153D135372116F /* SceneDelegate.swift in Sources */ = {isa = PBXBuildFile; fileRef = 71997915FB41660C30F1BAA6 /* SceneDelegate.swift */; };
		71997AA37DEC2771E3C8BF02 /* Assets.xcassets in Resources */ = {isa = PBXBuildFile; fileRef = 719971A3BA8C0705E22FC0CE /* Assets.xcassets */; };
		71997AECA59BA9FD1FBC6DD0 /* AppDelegate.swift in Sources */ = {isa = PBXBuildFile; fileRef = 71997420E92864BFC081D385 /* AppDelegate.swift */; };
/* End PBXBuildFile section */

/* Begin PBXFileReference section */
		40249FF2251A876400D227A6 /* TableViewController.swift */ = {isa = PBXFileReference; lastKnownFileType = sourcecode.swift; path = TableViewController.swift; sourceTree = "<group>"; };
		719971A3BA8C0705E22FC0CE /* Assets.xcassets */ = {isa = PBXFileReference; lastKnownFileType = folder.assetcatalog; path = Assets.xcassets; sourceTree = "<group>"; };
		719972CEE69A2248EFDE5FFF /* Base */ = {isa = PBXFileReference; lastKnownFileType = file.storyboard; name = Base; path = Base.lproj/LaunchScreen.storyboard; sourceTree = "<group>"; };
		71997420E92864BFC081D385 /* AppDelegate.swift */ = {isa = PBXFileReference; lastKnownFileType = sourcecode.swift; path = AppDelegate.swift; sourceTree = "<group>"; };
		7199788A345591D7FD85A5EB /* Base */ = {isa = PBXFileReference; lastKnownFileType = file.storyboard; name = Base; path = Base.lproj/Main.storyboard; sourceTree = "<group>"; };
		71997915FB41660C30F1BAA6 /* SceneDelegate.swift */ = {isa = PBXFileReference; lastKnownFileType = sourcecode.swift; path = SceneDelegate.swift; sourceTree = "<group>"; };
		71997BB99667792D4990E6BF /* TableViewReorder.app */ = {isa = PBXFileReference; explicitFileType = wrapper.application; includeInIndex = 0; path = TableViewReorder.app; sourceTree = BUILT_PRODUCTS_DIR; };
		71997E39DA4CFDAFAA9BEA69 /* Info.plist */ = {isa = PBXFileReference; lastKnownFileType = text.plist.info; path = Info.plist; sourceTree = "<group>"; };
/* End PBXFileReference section */

/* Begin PBXFrameworksBuildPhase section */
		719976A4B4C127DB90AD2191 /* Frameworks */ = {
			isa = PBXFrameworksBuildPhase;
			buildActionMask = 2147483647;
			files = (
			);
			runOnlyForDeploymentPostprocessing = 0;
		};
/* End PBXFrameworksBuildPhase section */

/* Begin PBXGroup section */
		71997085D34F9DC6D3301094 /* Products */ = {
			isa = PBXGroup;
			children = (
				71997BB99667792D4990E6BF /* TableViewReorder.app */,
			);
			name = Products;
			sourceTree = "<group>";
		};
		719972090D3E751D661B9365 /* TableViewReorder */ = {
			isa = PBXGroup;
			children = (
				40249FF2251A876400D227A6 /* TableViewController.swift */,
				71997E39DA4CFDAFAA9BEA69 /* Info.plist */,
				719971A3BA8C0705E22FC0CE /* Assets.xcassets */,
				71997E16B4674865F3762758 /* LaunchScreen.storyboard */,
				71997420E92864BFC081D385 /* AppDelegate.swift */,
				71997915FB41660C30F1BAA6 /* SceneDelegate.swift */,
				71997D8E29EFCEAD13CE1B75 /* Main.storyboard */,
			);
			path = TableViewReorder;
			sourceTree = "<group>";
		};
		7199792D8216C185E8C87210 = {
			isa = PBXGroup;
			children = (
				71997085D34F9DC6D3301094 /* Products */,
				719972090D3E751D661B9365 /* TableViewReorder */,
			);
			sourceTree = "<group>";
		};
/* End PBXGroup section */

/* Begin PBXNativeTarget section */
		71997A9D002B4A5343BCDDE5 /* TableViewReorder */ = {
			isa = PBXNativeTarget;
			buildConfigurationList = 7199787428510371C1C5AAE0 /* Build configuration list for PBXNativeTarget "TableViewReorder" */;
			buildPhases = (
				719979B80E399C46060BF623 /* Sources */,
				719976A4B4C127DB90AD2191 /* Frameworks */,
				7199713872C033C0672865C9 /* Resources */,
			);
			buildRules = (
			);
			dependencies = (
			);
			name = TableViewReorder;
			productName = TableViewReorder;
			productReference = 71997BB99667792D4990E6BF /* TableViewReorder.app */;
			productType = "com.apple.product-type.application";
		};
/* End PBXNativeTarget section */

/* Begin PBXProject section */
		71997BF6511EE8D009D5FA4F /* Project object */ = {
			isa = PBXProject;
			attributes = {
				ORGANIZATIONNAME = ap;
			};
			buildConfigurationList = 71997E7FFD1CF97E47E5E1B1 /* Build configuration list for PBXProject "TableViewReorder" */;
			compatibilityVersion = "Xcode 3.2";
			developmentRegion = English;
			hasScannedForEncodings = 0;
			knownRegions = (
				English,
				en,
				Base,
			);
			mainGroup = 7199792D8216C185E8C87210;
			productRefGroup = 71997085D34F9DC6D3301094 /* Products */;
			projectDirPath = "";
			projectRoot = "";
			targets = (
				71997A9D002B4A5343BCDDE5 /* TableViewReorder */,
			);
		};
/* End PBXProject section */

/* Begin PBXResourcesBuildPhase section */
		7199713872C033C0672865C9 /* Resources */ = {
			isa = PBXResourcesBuildPhase;
			buildActionMask = 2147483647;
			files = (
				71997AA37DEC2771E3C8BF02 /* Assets.xcassets in Resources */,
				7199795B18185E040EEDD845 /* LaunchScreen.storyboard in Resources */,
				7199735C85561D2DA9934891 /* Main.storyboard in Resources */,
			);
			runOnlyForDeploymentPostprocessing = 0;
		};
/* End PBXResourcesBuildPhase section */

/* Begin PBXSourcesBuildPhase section */
		719979B80E399C46060BF623 /* Sources */ = {
			isa = PBXSourcesBuildPhase;
			buildActionMask = 2147483647;
			files = (
				71997AECA59BA9FD1FBC6DD0 /* AppDelegate.swift in Sources */,
				40249FF3251A876400D227A6 /* TableViewController.swift in Sources */,
				71997A58DC153D135372116F /* SceneDelegate.swift in Sources */,
			);
			runOnlyForDeploymentPostprocessing = 0;
		};
/* End PBXSourcesBuildPhase section */

/* Begin PBXVariantGroup section */
		71997D8E29EFCEAD13CE1B75 /* Main.storyboard */ = {
			isa = PBXVariantGroup;
			children = (
				7199788A345591D7FD85A5EB /* Base */,
			);
			name = Main.storyboard;
			sourceTree = "<group>";
		};
		71997E16B4674865F3762758 /* LaunchScreen.storyboard */ = {
			isa = PBXVariantGroup;
			children = (
				719972CEE69A2248EFDE5FFF /* Base */,
			);
			name = LaunchScreen.storyboard;
			sourceTree = "<group>";
		};
/* End PBXVariantGroup section */

/* Begin XCBuildConfiguration section */
		71997029E3E8ADD091E47676 /* Release */ = {
			isa = XCBuildConfiguration;
			buildSettings = {
				ALWAYS_SEARCH_USER_PATHS = NO;
				CLANG_ANALYZER_NONNULL = YES;
				CLANG_ANALYZER_NUMBER_OBJECT_CONVERSION = YES_AGGRESSIVE;
				CLANG_CXX_LANGUAGE_STANDARD = "gnu++14";
				CLANG_CXX_LIBRARY = "libc++";
				CLANG_ENABLE_MODULES = YES;
				CLANG_ENABLE_OBJC_ARC = YES;
				CLANG_ENABLE_OBJC_WEAK = YES;
				CLANG_WARN_BLOCK_CAPTURE_AUTORELEASING = YES;
				CLANG_WARN_BOOL_CONVERSION = YES;
				CLANG_WARN_COMMA = YES;
				CLANG_WARN_CONSTANT_CONVERSION = YES;
				CLANG_WARN_DEPRECATED_OBJC_IMPLEMENTATIONS = YES;
				CLANG_WARN_DIRECT_OBJC_ISA_USAGE = YES_ERROR;
				CLANG_WARN_DOCUMENTATION_COMMENTS = YES;
				CLANG_WARN_EMPTY_BODY = YES;
				CLANG_WARN_ENUM_CONVERSION = YES;
				CLANG_WARN_INFINITE_RECURSION = YES;
				CLANG_WARN_INT_CONVERSION = YES;
				CLANG_WARN_NON_LITERAL_NULL_CONVERSION = YES;
				CLANG_WARN_OBJC_IMPLICIT_RETAIN_SELF = YES;
				CLANG_WARN_OBJC_LITERAL_CONVERSION = YES;
				CLANG_WARN_OBJC_ROOT_CLASS = YES_ERROR;
				CLANG_WARN_RANGE_LOOP_ANALYSIS = YES;
				CLANG_WARN_STRICT_PROTOTYPES = YES;
				CLANG_WARN_SUSPICIOUS_MOVE = YES;
				CLANG_WARN_UNGUARDED_AVAILABILITY = YES_AGGRESSIVE;
				CLANG_WARN_UNREACHABLE_CODE = YES;
				CLANG_WARN__DUPLICATE_METHOD_MATCH = YES;
				COPY_PHASE_STRIP = NO;
				DEBUG_INFORMATION_FORMAT = "dwarf-with-dsym";
				ENABLE_NS_ASSERTIONS = NO;
				ENABLE_STRICT_OBJC_MSGSEND = YES;
				GCC_C_LANGUAGE_STANDARD = gnu11;
				GCC_NO_COMMON_BLOCKS = YES;
				GCC_WARN_64_TO_32_BIT_CONVERSION = YES;
				GCC_WARN_ABOUT_RETURN_TYPE = YES_ERROR;
				GCC_WARN_UNDECLARED_SELECTOR = YES;
				GCC_WARN_UNINITIALIZED_AUTOS = YES_AGGRESSIVE;
				GCC_WARN_UNUSED_FUNCTION = YES;
				GCC_WARN_UNUSED_VARIABLE = YES;
				IPHONEOS_DEPLOYMENT_TARGET = 13.5;
				MTL_ENABLE_DEBUG_INFO = NO;
				MTL_FAST_MATH = YES;
				SDKROOT = iphoneos;
				SWIFT_OPTIMIZATION_LEVEL = "-Owholemodule";
				VALIDATE_PRODUCT = YES;
			};
			name = Release;
		};
		7199711ABB034C8C6DD221C4 /* Debug */ = {
			isa = XCBuildConfiguration;
			buildSettings = {
				ASSETCATALOG_COMPILER_APPICON_NAME = AppIcon;
				INFOPLIST_FILE = TableViewReorder/Info.plist;
				LD_RUNPATH_SEARCH_PATHS = "$(inherited) @executable_path/Frameworks";
				PRODUCT_BUNDLE_IDENTIFIER = ap.TableViewReorder;
				PRODUCT_NAME = "$(TARGET_NAME)";
				SWIFT_VERSION = 5.0;
				TARGETED_DEVICE_FAMILY = "1,2";
			};
			name = Debug;
		};
		7199721F27671E7F7B9235B9 /* Release */ = {
			isa = XCBuildConfiguration;
			buildSettings = {
				ASSETCATALOG_COMPILER_APPICON_NAME = AppIcon;
				INFOPLIST_FILE = TableViewReorder/Info.plist;
				LD_RUNPATH_SEARCH_PATHS = "$(inherited) @executable_path/Frameworks";
				PRODUCT_BUNDLE_IDENTIFIER = ap.TableViewReorder;
				PRODUCT_NAME = "$(TARGET_NAME)";
				SWIFT_VERSION = 5.0;
				TARGETED_DEVICE_FAMILY = "1,2";
			};
			name = Release;
		};
		719978220EB67C223351A558 /* Debug */ = {
			isa = XCBuildConfiguration;
			buildSettings = {
				ALWAYS_SEARCH_USER_PATHS = NO;
				CLANG_ANALYZER_NONNULL = YES;
				CLANG_ANALYZER_NUMBER_OBJECT_CONVERSION = YES_AGGRESSIVE;
				CLANG_CXX_LANGUAGE_STANDARD = "gnu++14";
				CLANG_CXX_LIBRARY = "libc++";
				CLANG_ENABLE_MODULES = YES;
				CLANG_ENABLE_OBJC_ARC = YES;
				CLANG_ENABLE_OBJC_WEAK = YES;
				CLANG_WARN_BLOCK_CAPTURE_AUTORELEASING = YES;
				CLANG_WARN_BOOL_CONVERSION = YES;
				CLANG_WARN_COMMA = YES;
				CLANG_WARN_CONSTANT_CONVERSION = YES;
				CLANG_WARN_DEPRECATED_OBJC_IMPLEMENTATIONS = YES;
				CLANG_WARN_DIRECT_OBJC_ISA_USAGE = YES_ERROR;
				CLANG_WARN_DOCUMENTATION_COMMENTS = YES;
				CLANG_WARN_EMPTY_BODY = YES;
				CLANG_WARN_ENUM_CONVERSION = YES;
				CLANG_WARN_INFINITE_RECURSION = YES;
				CLANG_WARN_INT_CONVERSION = YES;
				CLANG_WARN_NON_LITERAL_NULL_CONVERSION = YES;
				CLANG_WARN_OBJC_IMPLICIT_RETAIN_SELF = YES;
				CLANG_WARN_OBJC_LITERAL_CONVERSION = YES;
				CLANG_WARN_OBJC_ROOT_CLASS = YES_ERROR;
				CLANG_WARN_RANGE_LOOP_ANALYSIS = YES;
				CLANG_WARN_STRICT_PROTOTYPES = YES;
				CLANG_WARN_SUSPICIOUS_MOVE = YES;
				CLANG_WARN_UNGUARDED_AVAILABILITY = YES_AGGRESSIVE;
				CLANG_WARN_UNREACHABLE_CODE = YES;
				CLANG_WARN__DUPLICATE_METHOD_MATCH = YES;
				COPY_PHASE_STRIP = NO;
				DEBUG_INFORMATION_FORMAT = dwarf;
				ENABLE_STRICT_OBJC_MSGSEND = YES;
				ENABLE_TESTABILITY = YES;
				GCC_C_LANGUAGE_STANDARD = gnu11;
				GCC_DYNAMIC_NO_PIC = NO;
				GCC_NO_COMMON_BLOCKS = YES;
				GCC_OPTIMIZATION_LEVEL = 0;
				GCC_PREPROCESSOR_DEFINITIONS = (
					"DEBUG=1",
					"$(inherited)",
				);
				GCC_WARN_64_TO_32_BIT_CONVERSION = YES;
				GCC_WARN_ABOUT_RETURN_TYPE = YES_ERROR;
				GCC_WARN_UNDECLARED_SELECTOR = YES;
				GCC_WARN_UNINITIALIZED_AUTOS = YES_AGGRESSIVE;
				GCC_WARN_UNUSED_FUNCTION = YES;
				GCC_WARN_UNUSED_VARIABLE = YES;
				IPHONEOS_DEPLOYMENT_TARGET = 13.5;
				MTL_ENABLE_DEBUG_INFO = INCLUDE_SOURCE;
				MTL_FAST_MATH = YES;
				ONLY_ACTIVE_ARCH = YES;
				SDKROOT = iphoneos;
				SWIFT_ACTIVE_COMPILATION_CONDITIONS = DEBUG;
				SWIFT_OPTIMIZATION_LEVEL = "-Onone";
			};
			name = Debug;
		};
/* End XCBuildConfiguration section */

/* Begin XCConfigurationList section */
		7199787428510371C1C5AAE0 /* Build configuration list for PBXNativeTarget "TableViewReorder" */ = {
			isa = XCConfigurationList;
			buildConfigurations = (
				7199711ABB034C8C6DD221C4 /* Debug */,
				7199721F27671E7F7B9235B9 /* Release */,
			);
			defaultConfigurationIsVisible = 0;
			defaultConfigurationName = Release;
		};
		71997E7FFD1CF97E47E5E1B1 /* Build configuration list for PBXProject "TableViewReorder" */ = {
			isa = XCConfigurationList;
			buildConfigurations = (
				719978220EB67C223351A558 /* Debug */,
				71997029E3E8ADD091E47676 /* Release */,
			);
			defaultConfigurationIsVisible = 0;
			defaultConfigurationName = Release;
		};
/* End XCConfigurationList section */
	};
	rootObject = 71997BF6511EE8D009D5FA4F /* Project object */;
}
